
Microsoft Visual Studio Solution File, Format Version 12.00
# Visual Studio Version 17
VisualStudioVersion = 17.4.33110.190
MinimumVisualStudioVersion = 10.0.40219.1
Project("{9A19103F-16F7-4668-BE54-9A1E7A4F7556}") = "DataAccess", "DataAccess\DataAccess.csproj", "{60E8C081-3203-4222-BD46-A2E1973F8187}"
EndProject
Project("{9A19103F-16F7-4668-BE54-9A1E7A4F7556}") = "Business", "Business\Business.csproj", "{D70912FD-045E-4187-A181-73C56639B127}"
EndProject
Project("{9A19103F-16F7-4668-BE54-9A1E7A4F7556}") = "Entities", "Entities\Entities.csproj", "{4183AC21-02A3-4E1D-A9B8-53E70BFBAAA5}"
EndProject
Project("{9A19103F-16F7-4668-BE54-9A1E7A4F7556}") = "ConsoleUI", "ConsoleUI\ConsoleUI.csproj", "{70D9D201-10FE-43FE-99E9-662295774A03}"
EndProject
Project("{9A19103F-16F7-4668-BE54-9A1E7A4F7556}") = "Core", "Core\Core.csproj", "{3BD74EC0-E986-46F5-9217-788E62ABC7A9}"
EndProject
Project("{FAE04EC0-301F-11D3-BF4B-00C04F79EFBC}") = "WebAPI", "WebAPI\WebAPI.csproj", "{E003DA47-4026-4F6B-B8DE-78C31E5B202D}"
EndProject
Global
	GlobalSection(SolutionConfigurationPlatforms) = preSolution
		Debug|Any CPU = Debug|Any CPU
		Release|Any CPU = Release|Any CPU
	EndGlobalSection
	GlobalSection(ProjectConfigurationPlatforms) = postSolution
		{60E8C081-3203-4222-BD46-A2E1973F8187}.Debug|Any CPU.ActiveCfg = Debug|Any CPU
		{60E8C081-3203-4222-BD46-A2E1973F8187}.Debug|Any CPU.Build.0 = Debug|Any CPU
		{60E8C081-3203-4222-BD46-A2E1973F8187}.Release|Any CPU.ActiveCfg = Release|Any CPU
		{60E8C081-3203-4222-BD46-A2E1973F8187}.Release|Any CPU.Build.0 = Release|Any CPU
		{D70912FD-045E-4187-A181-73C56639B127}.Debug|Any CPU.ActiveCfg = Debug|Any CPU
		{D70912FD-045E-4187-A181-73C56639B127}.Debug|Any CPU.Build.0 = Debug|Any CPU
		{D70912FD-045E-4187-A181-73C56639B127}.Release|Any CPU.ActiveCfg = Release|Any CPU
		{D70912FD-045E-4187-A181-73C56639B127}.Release|Any CPU.Build.0 = Release|Any CPU
		{4183AC21-02A3-4E1D-A9B8-53E70BFBAAA5}.Debug|Any CPU.ActiveCfg = Debug|Any CPU
		{4183AC21-02A3-4E1D-A9B8-53E70BFBAAA5}.Debug|Any CPU.Build.0 = Debug|Any CPU
		{4183AC21-02A3-4E1D-A9B8-53E70BFBAAA5}.Release|Any CPU.ActiveCfg = Release|Any CPU
		{4183AC21-02A3-4E1D-A9B8-53E70BFBAAA5}.Release|Any CPU.Build.0 = Release|Any CPU
		{70D9D201-10FE-43FE-99E9-662295774A03}.Debug|Any CPU.ActiveCfg = Debug|Any CPU
		{70D9D201-10FE-43FE-99E9-662295774A03}.Debug|Any CPU.Build.0 = Debug|Any CPU
		{70D9D201-10FE-43FE-99E9-662295774A03}.Release|Any CPU.ActiveCfg = Release|Any CPU
		{70D9D201-10FE-43FE-99E9-662295774A03}.Release|Any CPU.Build.0 = Release|Any CPU
		{3BD74EC0-E986-46F5-9217-788E62ABC7A9}.Debug|Any CPU.ActiveCfg = Debug|Any CPU
		{3BD74EC0-E986-46F5-9217-788E62ABC7A9}.Debug|Any CPU.Build.0 = Debug|Any CPU
		{3BD74EC0-E986-46F5-9217-788E62ABC7A9}.Release|Any CPU.ActiveCfg = Release|Any CPU
		{3BD74EC0-E986-46F5-9217-788E62ABC7A9}.Release|Any CPU.Build.0 = Release|Any CPU
		{E003DA47-4026-4F6B-B8DE-78C31E5B202D}.Debug|Any CPU.ActiveCfg = Debug|Any CPU
		{E003DA47-4026-4F6B-B8DE-78C31E5B202D}.Debug|Any CPU.Build.0 = Debug|Any CPU
		{E003DA47-4026-4F6B-B8DE-78C31E5B202D}.Release|Any CPU.ActiveCfg = Release|Any CPU
		{E003DA47-4026-4F6B-B8DE-78C31E5B202D}.Release|Any CPU.Build.0 = Release|Any CPU
	EndGlobalSection
	GlobalSection(SolutionProperties) = preSolution
		HideSolutionNode = FALSE
	EndGlobalSection
	GlobalSection(ExtensibilityGlobals) = postSolution
		SolutionGuid = {5046DB55-584C-4D7B-9522-F3A505982977}
	EndGlobalSection
EndGlobal
